// !$*UTF8*$!
{
	archiveVersion = 1;
	classes = {
	};
	objectVersion = 56;
	objects = {

/* Begin PBXBuildFile section */
		BD3826D32B0E1EB90095194D /* AppDelegate.swift in Sources */ = {isa = PBXBuildFile; fileRef = BD3826D22B0E1EB90095194D /* AppDelegate.swift */; };
		BD3826D52B0E1EB90095194D /* SceneDelegate.swift in Sources */ = {isa = PBXBuildFile; fileRef = BD3826D42B0E1EB90095194D /* SceneDelegate.swift */; };
		BD3826D72B0E1EB90095194D /* ViewController.swift in Sources */ = {isa = PBXBuildFile; fileRef = BD3826D62B0E1EB90095194D /* ViewController.swift */; };
		BD3826DA2B0E1EB90095194D /* Main.storyboard in Resources */ = {isa = PBXBuildFile; fileRef = BD3826D82B0E1EB90095194D /* Main.storyboard */; };
		BD3826DC2B0E1EBB0095194D /* Assets.xcassets in Resources */ = {isa = PBXBuildFile; fileRef = BD3826DB2B0E1EBB0095194D /* Assets.xcassets */; };
		BD3826DF2B0E1EBB0095194D /* LaunchScreen.storyboard in Resources */ = {isa = PBXBuildFile; fileRef = BD3826DD2B0E1EBB0095194D /* LaunchScreen.storyboard */; };
		BD3826EA2B0E1EBC0095194D /* CounterTests.swift in Sources */ = {isa = PBXBuildFile; fileRef = BD3826E92B0E1EBC0095194D /* CounterTests.swift */; };
		BD3826F42B0E1EBC0095194D /* CounterUITests.swift in Sources */ = {isa = PBXBuildFile; fileRef = BD3826F32B0E1EBC0095194D /* CounterUITests.swift */; };
		BD3826F62B0E1EBC0095194D /* CounterUITestsLaunchTests.swift in Sources */ = {isa = PBXBuildFile; fileRef = BD3826F52B0E1EBC0095194D /* CounterUITestsLaunchTests.swift */; };
/* End PBXBuildFile section */

/* Begin PBXContainerItemProxy section */
		BD3826E62B0E1EBC0095194D /* PBXContainerItemProxy */ = {
			isa = PBXContainerItemProxy;
			containerPortal = BD3826C72B0E1EB90095194D /* Project object */;
			proxyType = 1;
			remoteGlobalIDString = BD3826CE2B0E1EB90095194D;
			remoteInfo = Counter;
		};
		BD3826F02B0E1EBC0095194D /* PBXContainerItemProxy */ = {
			isa = PBXContainerItemProxy;
			containerPortal = BD3826C72B0E1EB90095194D /* Project object */;
			proxyType = 1;
			remoteGlobalIDString = BD3826CE2B0E1EB90095194D;
			remoteInfo = Counter;
		};
/* End PBXContainerItemProxy section */

/* Begin PBXFileReference section */
		BD3826CF2B0E1EB90095194D /* Counter.app */ = {isa = PBXFileReference; explicitFileType = wrapper.application; includeInIndex = 0; path = Counter.app; sourceTree = BUILT_PRODUCTS_DIR; };
		BD3826D22B0E1EB90095194D /* AppDelegate.swift */ = {isa = PBXFileReference; lastKnownFileType = sourcecode.swift; path = AppDelegate.swift; sourceTree = "<group>"; };
		BD3826D42B0E1EB90095194D /* SceneDelegate.swift */ = {isa = PBXFileReference; lastKnownFileType = sourcecode.swift; path = SceneDelegate.swift; sourceTree = "<group>"; };
		BD3826D62B0E1EB90095194D /* ViewController.swift */ = {isa = PBXFileReference; lastKnownFileType = sourcecode.swift; path = ViewController.swift; sourceTree = "<group>"; };
		BD3826D92B0E1EB90095194D /* Base */ = {isa = PBXFileReference; lastKnownFileType = file.storyboard; name = Base; path = Base.lproj/Main.storyboard; sourceTree = "<group>"; };
		BD3826DB2B0E1EBB0095194D /* Assets.xcassets */ = {isa = PBXFileReference; lastKnownFileType = folder.assetcatalog; path = Assets.xcassets; sourceTree = "<group>"; };
		BD3826DE2B0E1EBB0095194D /* Base */ = {isa = PBXFileReference; lastKnownFileType = file.storyboard; name = Base; path = Base.lproj/LaunchScreen.storyboard; sourceTree = "<group>"; };
		BD3826E02B0E1EBB0095194D /* Info.plist */ = {isa = PBXFileReference; lastKnownFileType = text.plist.xml; path = Info.plist; sourceTree = "<group>"; };
		BD3826E52B0E1EBC0095194D /* CounterTests.xctest */ = {isa = PBXFileReference; explicitFileType = wrapper.cfbundle; includeInIndex = 0; path = CounterTests.xctest; sourceTree = BUILT_PRODUCTS_DIR; };
		BD3826E92B0E1EBC0095194D /* CounterTests.swift */ = {isa = PBXFileReference; lastKnownFileType = sourcecode.swift; path = CounterTests.swift; sourceTree = "<group>"; };
		BD3826EF2B0E1EBC0095194D /* CounterUITests.xctest */ = {isa = PBXFileReference; explicitFileType = wrapper.cfbundle; includeInIndex = 0; path = CounterUITests.xctest; sourceTree = BUILT_PRODUCTS_DIR; };
		BD3826F32B0E1EBC0095194D /* CounterUITests.swift */ = {isa = PBXFileReference; lastKnownFileType = sourcecode.swift; path = CounterUITests.swift; sourceTree = "<group>"; };
		BD3826F52B0E1EBC0095194D /* CounterUITestsLaunchTests.swift */ = {isa = PBXFileReference; lastKnownFileType = sourcecode.swift; path = CounterUITestsLaunchTests.swift; sourceTree = "<group>"; };
/* End PBXFileReference section */

/* Begin PBXFrameworksBuildPhase section */
		BD3826CC2B0E1EB90095194D /* Frameworks */ = {
			isa = PBXFrameworksBuildPhase;
			buildActionMask = 2147483647;
			files = (
			);
			runOnlyForDeploymentPostprocessing = 0;
		};
		BD3826E22B0E1EBC0095194D /* Frameworks */ = {
			isa = PBXFrameworksBuildPhase;
			buildActionMask = 2147483647;
			files = (
			);
			runOnlyForDeploymentPostprocessing = 0;
		};
		BD3826EC2B0E1EBC0095194D /* Frameworks */ = {
			isa = PBXFrameworksBuildPhase;
			buildActionMask = 2147483647;
			files = (
			);
			runOnlyForDeploymentPostprocessing = 0;
		};
/* End PBXFrameworksBuildPhase section */

/* Begin PBXGroup section */
		BD3826C62B0E1EB90095194D = {
			isa = PBXGroup;
			children = (
				BD3826D12B0E1EB90095194D /* Counter */,
				BD3826E82B0E1EBC0095194D /* CounterTests */,
				BD3826F22B0E1EBC0095194D /* CounterUITests */,
				BD3826D02B0E1EB90095194D /* Products */,
			);
			sourceTree = "<group>";
		};
		BD3826D02B0E1EB90095194D /* Products */ = {
			isa = PBXGroup;
			children = (
				BD3826CF2B0E1EB90095194D /* Counter.app */,
				BD3826E52B0E1EBC0095194D /* CounterTests.xctest */,
				BD3826EF2B0E1EBC0095194D /* CounterUITests.xctest */,
			);
			name = Products;
			sourceTree = "<group>";
		};
		BD3826D12B0E1EB90095194D /* Counter */ = {
			isa = PBXGroup;
			children = (
				BD3826D22B0E1EB90095194D /* AppDelegate.swift */,
				BD3826D42B0E1EB90095194D /* SceneDelegate.swift */,
				BD3826D62B0E1EB90095194D /* ViewController.swift */,
				BD3826D82B0E1EB90095194D /* Main.storyboard */,
				BD3826DB2B0E1EBB0095194D /* Assets.xcassets */,
				BD3826DD2B0E1EBB0095194D /* LaunchScreen.storyboard */,
				BD3826E02B0E1EBB0095194D /* Info.plist */,
			);
			path = Counter;
			sourceTree = "<group>";
		};
		BD3826E82B0E1EBC0095194D /* CounterTests */ = {
			isa = PBXGroup;
			children = (
				BD3826E92B0E1EBC0095194D /* CounterTests.swift */,
			);
			path = CounterTests;
			sourceTree = "<group>";
		};
		BD3826F22B0E1EBC0095194D /* CounterUITests */ = {
			isa = PBXGroup;
			children = (
				BD3826F32B0E1EBC0095194D /* CounterUITests.swift */,
				BD3826F52B0E1EBC0095194D /* CounterUITestsLaunchTests.swift */,
			);
			path = CounterUITests;
			sourceTree = "<group>";
		};
/* End PBXGroup section */

/* Begin PBXNativeTarget section */
		BD3826CE2B0E1EB90095194D /* Counter */ = {
			isa = PBXNativeTarget;
			buildConfigurationList = BD3826F92B0E1EBC0095194D /* Build configuration list for PBXNativeTarget "Counter" */;
			buildPhases = (
				BD3826CB2B0E1EB90095194D /* Sources */,
				BD3826CC2B0E1EB90095194D /* Frameworks */,
				BD3826CD2B0E1EB90095194D /* Resources */,
			);
			buildRules = (
			);
			dependencies = (
			);
			name = Counter;
			productName = Counter;
			productReference = BD3826CF2B0E1EB90095194D /* Counter.app */;
			productType = "com.apple.product-type.application";
		};
		BD3826E42B0E1EBC0095194D /* CounterTests */ = {
			isa = PBXNativeTarget;
			buildConfigurationList = BD3826FC2B0E1EBC0095194D /* Build configuration list for PBXNativeTarget "CounterTests" */;
			buildPhases = (
				BD3826E12B0E1EBC0095194D /* Sources */,
				BD3826E22B0E1EBC0095194D /* Frameworks */,
				BD3826E32B0E1EBC0095194D /* Resources */,
			);
			buildRules = (
			);
			dependencies = (
				BD3826E72B0E1EBC0095194D /* PBXTargetDependency */,
			);
			name = CounterTests;
			productName = CounterTests;
			productReference = BD3826E52B0E1EBC0095194D /* CounterTests.xctest */;
			productType = "com.apple.product-type.bundle.unit-test";
		};
		BD3826EE2B0E1EBC0095194D /* CounterUITests */ = {
			isa = PBXNativeTarget;
			buildConfigurationList = BD3826FF2B0E1EBC0095194D /* Build configuration list for PBXNativeTarget "CounterUITests" */;
			buildPhases = (
				BD3826EB2B0E1EBC0095194D /* Sources */,
				BD3826EC2B0E1EBC0095194D /* Frameworks */,
				BD3826ED2B0E1EBC0095194D /* Resources */,
			);
			buildRules = (
			);
			dependencies = (
				BD3826F12B0E1EBC0095194D /* PBXTargetDependency */,
			);
			name = CounterUITests;
			productName = CounterUITests;
			productReference = BD3826EF2B0E1EBC0095194D /* CounterUITests.xctest */;
			productType = "com.apple.product-type.bundle.ui-testing";
		};
/* End PBXNativeTarget section */

/* Begin PBXProject section */
		BD3826C72B0E1EB90095194D /* Project object */ = {
			isa = PBXProject;
			attributes = {
				BuildIndependentTargetsInParallel = 1;
				LastSwiftUpdateCheck = 1410;
				LastUpgradeCheck = 1410;
				TargetAttributes = {
					BD3826CE2B0E1EB90095194D = {
						CreatedOnToolsVersion = 14.1;
					};
					BD3826E42B0E1EBC0095194D = {
						CreatedOnToolsVersion = 14.1;
						TestTargetID = BD3826CE2B0E1EB90095194D;
					};
					BD3826EE2B0E1EBC0095194D = {
						CreatedOnToolsVersion = 14.1;
						TestTargetID = BD3826CE2B0E1EB90095194D;
					};
				};
			};
			buildConfigurationList = BD3826CA2B0E1EB90095194D /* Build configuration list for PBXProject "Counter" */;
			compatibilityVersion = "Xcode 14.0";
			developmentRegion = en;
			hasScannedForEncodings = 0;
			knownRegions = (
				en,
				Base,
			);
			mainGroup = BD3826C62B0E1EB90095194D;
			productRefGroup = BD3826D02B0E1EB90095194D /* Products */;
			projectDirPath = "";
			projectRoot = "";
			targets = (
				BD3826CE2B0E1EB90095194D /* Counter */,
				BD3826E42B0E1EBC0095194D /* CounterTests */,
				BD3826EE2B0E1EBC0095194D /* CounterUITests */,
			);
		};
/* End PBXProject section */

/* Begin PBXResourcesBuildPhase section */
		BD3826CD2B0E1EB90095194D /* Resources */ = {
			isa = PBXResourcesBuildPhase;
			buildActionMask = 2147483647;
			files = (
				BD3826DF2B0E1EBB0095194D /* LaunchScreen.storyboard in Resources */,
				BD3826DC2B0E1EBB0095194D /* Assets.xcassets in Resources */,
				BD3826DA2B0E1EB90095194D /* Main.storyboard in Resources */,
			);
			runOnlyForDeploymentPostprocessing = 0;
		};
		BD3826E32B0E1EBC0095194D /* Resources */ = {
			isa = PBXResourcesBuildPhase;
			buildActionMask = 2147483647;
			files = (
			);
			runOnlyForDeploymentPostprocessing = 0;
		};
		BD3826ED2B0E1EBC0095194D /* Resources */ = {
			isa = PBXResourcesBuildPhase;
			buildActionMask = 2147483647;
			files = (
			);
			runOnlyForDeploymentPostprocessing = 0;
		};
/* End PBXResourcesBuildPhase section */

/* Begin PBXSourcesBuildPhase section */
		BD3826CB2B0E1EB90095194D /* Sources */ = {
			isa = PBXSourcesBuildPhase;
			buildActionMask = 2147483647;
			files = (
				BD3826D72B0E1EB90095194D /* ViewController.swift in Sources */,
				BD3826D32B0E1EB90095194D /* AppDelegate.swift in Sources */,
				BD3826D52B0E1EB90095194D /* SceneDelegate.swift in Sources */,
			);
			runOnlyForDeploymentPostprocessing = 0;
		};
		BD3826E12B0E1EBC0095194D /* Sources */ = {
			isa = PBXSourcesBuildPhase;
			buildActionMask = 2147483647;
			files = (
				BD3826EA2B0E1EBC0095194D /* CounterTests.swift in Sources */,
			);
			runOnlyForDeploymentPostprocessing = 0;
		};
		BD3826EB2B0E1EBC0095194D /* Sources */ = {
			isa = PBXSourcesBuildPhase;
			buildActionMask = 2147483647;
			files = (
				BD3826F42B0E1EBC0095194D /* CounterUITests.swift in Sources */,
				BD3826F62B0E1EBC0095194D /* CounterUITestsLaunchTests.swift in Sources */,
			);
			runOnlyForDeploymentPostprocessing = 0;
		};
/* End PBXSourcesBuildPhase section */

/* Begin PBXTargetDependency section */
		BD3826E72B0E1EBC0095194D /* PBXTargetDependency */ = {
			isa = PBXTargetDependency;
			target = BD3826CE2B0E1EB90095194D /* Counter */;
			targetProxy = BD3826E62B0E1EBC0095194D /* PBXContainerItemProxy */;
		};
		BD3826F12B0E1EBC0095194D /* PBXTargetDependency */ = {
			isa = PBXTargetDependency;
			target = BD3826CE2B0E1EB90095194D /* Counter */;
			targetProxy = BD3826F02B0E1EBC0095194D /* PBXContainerItemProxy */;
		};
/* End PBXTargetDependency section */

/* Begin PBXVariantGroup section */
		BD3826D82B0E1EB90095194D /* Main.storyboard */ = {
			isa = PBXVariantGroup;
			children = (
				BD3826D92B0E1EB90095194D /* Base */,
			);
			name = Main.storyboard;
			sourceTree = "<group>";
		};
		BD3826DD2B0E1EBB0095194D /* LaunchScreen.storyboard */ = {
			isa = PBXVariantGroup;
			children = (
				BD3826DE2B0E1EBB0095194D /* Base */,
			);
			name = LaunchScreen.storyboard;
			sourceTree = "<group>";
		};
/* End PBXVariantGroup section */

/* Begin XCBuildConfiguration section */
		BD3826F72B0E1EBC0095194D /* Debug */ = {
			isa = XCBuildConfiguration;
			buildSettings = {
				ALWAYS_SEARCH_USER_PATHS = NO;
				CLANG_ANALYZER_NONNULL = YES;
				CLANG_ANALYZER_NUMBER_OBJECT_CONVERSION = YES_AGGRESSIVE;
				CLANG_CXX_LANGUAGE_STANDARD = "gnu++20";
				CLANG_ENABLE_MODULES = YES;
				CLANG_ENABLE_OBJC_ARC = YES;
				CLANG_ENABLE_OBJC_WEAK = YES;
				CLANG_WARN_BLOCK_CAPTURE_AUTORELEASING = YES;
				CLANG_WARN_BOOL_CONVERSION = YES;
				CLANG_WARN_COMMA = YES;
				CLANG_WARN_CONSTANT_CONVERSION = YES;
				CLANG_WARN_DEPRECATED_OBJC_IMPLEMENTATIONS = YES;
				CLANG_WARN_DIRECT_OBJC_ISA_USAGE = YES_ERROR;
				CLANG_WARN_DOCUMENTATION_COMMENTS = YES;
				CLANG_WARN_EMPTY_BODY = YES;
				CLANG_WARN_ENUM_CONVERSION = YES;
				CLANG_WARN_INFINITE_RECURSION = YES;
				CLANG_WARN_INT_CONVERSION = YES;
				CLANG_WARN_NON_LITERAL_NULL_CONVERSION = YES;
				CLANG_WARN_OBJC_IMPLICIT_RETAIN_SELF = YES;
				CLANG_WARN_OBJC_LITERAL_CONVERSION = YES;
				CLANG_WARN_OBJC_ROOT_CLASS = YES_ERROR;
				CLANG_WARN_QUOTED_INCLUDE_IN_FRAMEWORK_HEADER = YES;
				CLANG_WARN_RANGE_LOOP_ANALYSIS = YES;
				CLANG_WARN_STRICT_PROTOTYPES = YES;
				CLANG_WARN_SUSPICIOUS_MOVE = YES;
				CLANG_WARN_UNGUARDED_AVAILABILITY = YES_AGGRESSIVE;
				CLANG_WARN_UNREACHABLE_CODE = YES;
				CLANG_WARN__DUPLICATE_METHOD_MATCH = YES;
				COPY_PHASE_STRIP = NO;
				DEBUG_INFORMATION_FORMAT = dwarf;
				ENABLE_STRICT_OBJC_MSGSEND = YES;
				ENABLE_TESTABILITY = YES;
				GCC_C_LANGUAGE_STANDARD = gnu11;
				GCC_DYNAMIC_NO_PIC = NO;
				GCC_NO_COMMON_BLOCKS = YES;
				GCC_OPTIMIZATION_LEVEL = 0;
				GCC_PREPROCESSOR_DEFINITIONS = (
					"DEBUG=1",
					"$(inherited)",
				);
				GCC_WARN_64_TO_32_BIT_CONVERSION = YES;
				GCC_WARN_ABOUT_RETURN_TYPE = YES_ERROR;
				GCC_WARN_UNDECLARED_SELECTOR = YES;
				GCC_WARN_UNINITIALIZED_AUTOS = YES_AGGRESSIVE;
				GCC_WARN_UNUSED_FUNCTION = YES;
				GCC_WARN_UNUSED_VARIABLE = YES;
				IPHONEOS_DEPLOYMENT_TARGET = 16.1;
				MTL_ENABLE_DEBUG_INFO = INCLUDE_SOURCE;
				MTL_FAST_MATH = YES;
				ONLY_ACTIVE_ARCH = YES;
				SDKROOT = iphoneos;
				SWIFT_ACTIVE_COMPILATION_CONDITIONS = DEBUG;
				SWIFT_OPTIMIZATION_LEVEL = "-Onone";
			};
			name = Debug;
		};
		BD3826F82B0E1EBC0095194D /* Release */ = {
			isa = XCBuildConfiguration;
			buildSettings = {
				ALWAYS_SEARCH_USER_PATHS = NO;
				CLANG_ANALYZER_NONNULL = YES;
				CLANG_ANALYZER_NUMBER_OBJECT_CONVERSION = YES_AGGRESSIVE;
				CLANG_CXX_LANGUAGE_STANDARD = "gnu++20";
				CLANG_ENABLE_MODULES = YES;
				CLANG_ENABLE_OBJC_ARC = YES;
				CLANG_ENABLE_OBJC_WEAK = YES;
				CLANG_WARN_BLOCK_CAPTURE_AUTORELEASING = YES;
				CLANG_WARN_BOOL_CONVERSION = YES;
				CLANG_WARN_COMMA = YES;
				CLANG_WARN_CONSTANT_CONVERSION = YES;
				CLANG_WARN_DEPRECATED_OBJC_IMPLEMENTATIONS = YES;
				CLANG_WARN_DIRECT_OBJC_ISA_USAGE = YES_ERROR;
				CLANG_WARN_DOCUMENTATION_COMMENTS = YES;
				CLANG_WARN_EMPTY_BODY = YES;
				CLANG_WARN_ENUM_CONVERSION = YES;
				CLANG_WARN_INFINITE_RECURSION = YES;
				CLANG_WARN_INT_CONVERSION = YES;
				CLANG_WARN_NON_LITERAL_NULL_CONVERSION = YES;
				CLANG_WARN_OBJC_IMPLICIT_RETAIN_SELF = YES;
				CLANG_WARN_OBJC_LITERAL_CONVERSION = YES;
				CLANG_WARN_OBJC_ROOT_CLASS = YES_ERROR;
				CLANG_WARN_QUOTED_INCLUDE_IN_FRAMEWORK_HEADER = YES;
				CLANG_WARN_RANGE_LOOP_ANALYSIS = YES;
				CLANG_WARN_STRICT_PROTOTYPES = YES;
				CLANG_WARN_SUSPICIOUS_MOVE = YES;
				CLANG_WARN_UNGUARDED_AVAILABILITY = YES_AGGRESSIVE;
				CLANG_WARN_UNREACHABLE_CODE = YES;
				CLANG_WARN__DUPLICATE_METHOD_MATCH = YES;
				COPY_PHASE_STRIP = NO;
				DEBUG_INFORMATION_FORMAT = "dwarf-with-dsym";
				ENABLE_NS_ASSERTIONS = NO;
				ENABLE_STRICT_OBJC_MSGSEND = YES;
				GCC_C_LANGUAGE_STANDARD = gnu11;
				GCC_NO_COMMON_BLOCKS = YES;
				GCC_WARN_64_TO_32_BIT_CONVERSION = YES;
				GCC_WARN_ABOUT_RETURN_TYPE = YES_ERROR;
				GCC_WARN_UNDECLARED_SELECTOR = YES;
				GCC_WARN_UNINITIALIZED_AUTOS = YES_AGGRESSIVE;
				GCC_WARN_UNUSED_FUNCTION = YES;
				GCC_WARN_UNUSED_VARIABLE = YES;
				IPHONEOS_DEPLOYMENT_TARGET = 16.1;
				MTL_ENABLE_DEBUG_INFO = NO;
				MTL_FAST_MATH = YES;
				SDKROOT = iphoneos;
				SWIFT_COMPILATION_MODE = wholemodule;
				SWIFT_OPTIMIZATION_LEVEL = "-O";
				VALIDATE_PRODUCT = YES;
			};
			name = Release;
		};
		BD3826FA2B0E1EBC0095194D /* Debug */ = {
			isa = XCBuildConfiguration;
			buildSettings = {
				ASSETCATALOG_COMPILER_APPICON_NAME = AppIcon;
				ASSETCATALOG_COMPILER_GLOBAL_ACCENT_COLOR_NAME = AccentColor;
				CODE_SIGN_STYLE = Automatic;
				CURRENT_PROJECT_VERSION = 1;
				GENERATE_INFOPLIST_FILE = YES;
				INFOPLIST_FILE = Counter/Info.plist;
				INFOPLIST_KEY_UIApplicationSupportsIndirectInputEvents = YES;
				INFOPLIST_KEY_UILaunchStoryboardName = LaunchScreen;
				INFOPLIST_KEY_UIMainStoryboardFile = Main;
				INFOPLIST_KEY_UISupportedInterfaceOrientations_iPad = "UIInterfaceOrientationPortrait UIInterfaceOrientationPortraitUpsideDown UIInterfaceOrientationLandscapeLeft UIInterfaceOrientationLandscapeRight";
				INFOPLIST_KEY_UISupportedInterfaceOrientations_iPhone = "UIInterfaceOrientationPortrait UIInterfaceOrientationLandscapeLeft UIInterfaceOrientationLandscapeRight";
				LD_RUNPATH_SEARCH_PATHS = (
					"$(inherited)",
					"@executable_path/Frameworks",
				);
				MARKETING_VERSION = 1.0;
				PRODUCT_BUNDLE_IDENTIFIER = me.Counter;
				PRODUCT_NAME = "$(TARGET_NAME)";
				SWIFT_EMIT_LOC_STRINGS = YES;
				SWIFT_VERSION = 5.0;
				TARGETED_DEVICE_FAMILY = "1,2";
			};
			name = Debug;
		};
		BD3826FB2B0E1EBC0095194D /* Release */ = {
			isa = XCBuildConfiguration;
			buildSettings = {
				ASSETCATALOG_COMPILER_APPICON_NAME = AppIcon;
				ASSETCATALOG_COMPILER_GLOBAL_ACCENT_COLOR_NAME = AccentColor;
				CODE_SIGN_STYLE = Automatic;
				CURRENT_PROJECT_VERSION = 1;
				GENERATE_INFOPLIST_FILE = YES;
				INFOPLIST_FILE = Counter/Info.plist;
				INFOPLIST_KEY_UIApplicationSupportsIndirectInputEvents = YES;
				INFOPLIST_KEY_UILaunchStoryboardName = LaunchScreen;
				INFOPLIST_KEY_UIMainStoryboardFile = Main;
				INFOPLIST_KEY_UISupportedInterfaceOrientations_iPad = "UIInterfaceOrientationPortrait UIInterfaceOrientationPortraitUpsideDown UIInterfaceOrientationLandscapeLeft UIInterfaceOrientationLandscapeRight";
				INFOPLIST_KEY_UISupportedInterfaceOrientations_iPhone = "UIInterfaceOrientationPortrait UIInterfaceOrientationLandscapeLeft UIInterfaceOrientationLandscapeRight";
				LD_RUNPATH_SEARCH_PATHS = (
					"$(inherited)",
					"@executable_path/Frameworks",
				);
				MARKETING_VERSION = 1.0;
				PRODUCT_BUNDLE_IDENTIFIER = me.Counter;
				PRODUCT_NAME = "$(TARGET_NAME)";
				SWIFT_EMIT_LOC_STRINGS = YES;
				SWIFT_VERSION = 5.0;
				TARGETED_DEVICE_FAMILY = "1,2";
			};
			name = Release;
		};
		BD3826FD2B0E1EBC0095194D /* Debug */ = {
			isa = XCBuildConfiguration;
			buildSettings = {
				ALWAYS_EMBED_SWIFT_STANDARD_LIBRARIES = YES;
				BUNDLE_LOADER = "$(TEST_HOST)";
				CODE_SIGN_STYLE = Automatic;
				CURRENT_PROJECT_VERSION = 1;
				GENERATE_INFOPLIST_FILE = YES;
				IPHONEOS_DEPLOYMENT_TARGET = 16.1;
				MARKETING_VERSION = 1.0;
				PRODUCT_BUNDLE_IDENTIFIER = me.CounterTests;
				PRODUCT_NAME = "$(TARGET_NAME)";
				SWIFT_EMIT_LOC_STRINGS = NO;
				SWIFT_VERSION = 5.0;
				TARGETED_DEVICE_FAMILY = "1,2";
				TEST_HOST = "$(BUILT_PRODUCTS_DIR)/Counter.app/$(BUNDLE_EXECUTABLE_FOLDER_PATH)/Counter";
			};
			name = Debug;
		};
		BD3826FE2B0E1EBC0095194D /* Release */ = {
			isa = XCBuildConfiguration;
			buildSettings = {
				ALWAYS_EMBED_SWIFT_STANDARD_LIBRARIES = YES;
				BUNDLE_LOADER = "$(TEST_HOST)";
				CODE_SIGN_STYLE = Automatic;
				CURRENT_PROJECT_VERSION = 1;
				GENERATE_INFOPLIST_FILE = YES;
				IPHONEOS_DEPLOYMENT_TARGET = 16.1;
				MARKETING_VERSION = 1.0;
				PRODUCT_BUNDLE_IDENTIFIER = me.CounterTests;
				PRODUCT_NAME = "$(TARGET_NAME)";
				SWIFT_EMIT_LOC_STRINGS = NO;
				SWIFT_VERSION = 5.0;
				TARGETED_DEVICE_FAMILY = "1,2";
				TEST_HOST = "$(BUILT_PRODUCTS_DIR)/Counter.app/$(BUNDLE_EXECUTABLE_FOLDER_PATH)/Counter";
			};
			name = Release;
		};
		BD3827002B0E1EBC0095194D /* Debug */ = {
			isa = XCBuildConfiguration;
			buildSettings = {
				ALWAYS_EMBED_SWIFT_STANDARD_LIBRARIES = YES;
				CODE_SIGN_STYLE = Automatic;
				CURRENT_PROJECT_VERSION = 1;
				GENERATE_INFOPLIST_FILE = YES;
				MARKETING_VERSION = 1.0;
				PRODUCT_BUNDLE_IDENTIFIER = me.CounterUITests;
				PRODUCT_NAME = "$(TARGET_NAME)";
				SWIFT_EMIT_LOC_STRINGS = NO;
				SWIFT_VERSION = 5.0;
				TARGETED_DEVICE_FAMILY = "1,2";
				TEST_TARGET_NAME = Counter;
			};
			name = Debug;
		};
		BD3827012B0E1EBC0095194D /* Release */ = {
			isa = XCBuildConfiguration;
			buildSettings = {
				ALWAYS_EMBED_SWIFT_STANDARD_LIBRARIES = YES;
				CODE_SIGN_STYLE = Automatic;
				CURRENT_PROJECT_VERSION = 1;
				GENERATE_INFOPLIST_FILE = YES;
				MARKETING_VERSION = 1.0;
				PRODUCT_BUNDLE_IDENTIFIER = me.CounterUITests;
				PRODUCT_NAME = "$(TARGET_NAME)";
				SWIFT_EMIT_LOC_STRINGS = NO;
				SWIFT_VERSION = 5.0;
				TARGETED_DEVICE_FAMILY = "1,2";
				TEST_TARGET_NAME = Counter;
			};
			name = Release;
		};
/* End XCBuildConfiguration section */

/* Begin XCConfigurationList section */
		BD3826CA2B0E1EB90095194D /* Build configuration list for PBXProject "Counter" */ = {
			isa = XCConfigurationList;
			buildConfigurations = (
				BD3826F72B0E1EBC0095194D /* Debug */,
				BD3826F82B0E1EBC0095194D /* Release */,
			);
			defaultConfigurationIsVisible = 0;
			defaultConfigurationName = Release;
		};
		BD3826F92B0E1EBC0095194D /* Build configuration list for PBXNativeTarget "Counter" */ = {
			isa = XCConfigurationList;
			buildConfigurations = (
				BD3826FA2B0E1EBC0095194D /* Debug */,
				BD3826FB2B0E1EBC0095194D /* Release */,
			);
			defaultConfigurationIsVisible = 0;
			defaultConfigurationName = Release;
		};
		BD3826FC2B0E1EBC0095194D /* Build configuration list for PBXNativeTarget "CounterTests" */ = {
			isa = XCConfigurationList;
			buildConfigurations = (
				BD3826FD2B0E1EBC0095194D /* Debug */,
				BD3826FE2B0E1EBC0095194D /* Release */,
			);
			defaultConfigurationIsVisible = 0;
			defaultConfigurationName = Release;
		};
		BD3826FF2B0E1EBC0095194D /* Build configuration list for PBXNativeTarget "CounterUITests" */ = {
			isa = XCConfigurationList;
			buildConfigurations = (
				BD3827002B0E1EBC0095194D /* Debug */,
				BD3827012B0E1EBC0095194D /* Release */,
			);
			defaultConfigurationIsVisible = 0;
			defaultConfigurationName = Release;
		};
/* End XCConfigurationList section */
	};
	rootObject = BD3826C72B0E1EB90095194D /* Project object */;
}
